
Microsoft Visual Studio Solution File, Format Version 12.00
# Visual Studio Version 16
VisualStudioVersion = 16.0.31321.278
MinimumVisualStudioVersion = 10.0.40219.1
Project("{FAE04EC0-301F-11D3-BF4B-00C04F79EFBC}") = "ConsoleApp7", "ConsoleApp7.csproj", "{4C3BA847-6EF1-4D68-AD61-90E748313E2C}"
EndProject
Global
	GlobalSection(SolutionConfigurationPlatforms) = preSolution
		Debug|Any CPU = Debug|Any CPU
		Release|Any CPU = Release|Any CPU
	EndGlobalSection
	GlobalSection(ProjectConfigurationPlatforms) = postSolution
		{4C3BA847-6EF1-4D68-AD61-90E748313E2C}.Debug|Any CPU.ActiveCfg = Debug|Any CPU
		{4C3BA847-6EF1-4D68-AD61-90E748313E2C}.Debug|Any CPU.Build.0 = Debug|Any CPU
		{4C3BA847-6EF1-4D68-AD61-90E748313E2C}.Release|Any CPU.ActiveCfg = Release|Any CPU
		{4C3BA847-6EF1-4D68-AD61-90E748313E2C}.Release|Any CPU.Build.0 = Release|Any CPU
	EndGlobalSection
	GlobalSection(SolutionProperties) = preSolution
		HideSolutionNode = FALSE
	EndGlobalSection
	GlobalSection(ExtensibilityGlobals) = postSolution
		SolutionGuid = {CA44720F-4F04-4F59-9AF2-8A009301A065}
	EndGlobalSection
EndGlobal
